
Microsoft Visual Studio Solution File, Format Version 12.00
# Visual Studio Version 17
VisualStudioVersion = 17.3.32929.385
MinimumVisualStudioVersion = 10.0.40219.1
Project("{FAE04EC0-301F-11D3-BF4B-00C04F79EFBC}") = "ConsoleApp3", "ConsoleApp3\ConsoleApp3.csproj", "{34E81782-F539-43C5-A34D-DD6DC7CC2A52}"
EndProject
Global
	GlobalSection(SolutionConfigurationPlatforms) = preSolution
		Debug|Any CPU = Debug|Any CPU
		Release|Any CPU = Release|Any CPU
	EndGlobalSection
	GlobalSection(ProjectConfigurationPlatforms) = postSolution
		{34E81782-F539-43C5-A34D-DD6DC7CC2A52}.Debug|Any CPU.ActiveCfg = Debug|Any CPU
		{34E81782-F539-43C5-A34D-DD6DC7CC2A52}.Debug|Any CPU.Build.0 = Debug|Any CPU
		{34E81782-F539-43C5-A34D-DD6DC7CC2A52}.Release|Any CPU.ActiveCfg = Release|Any CPU
		{34E81782-F539-43C5-A34D-DD6DC7CC2A52}.Release|Any CPU.Build.0 = Release|Any CPU
	EndGlobalSection
	GlobalSection(SolutionProperties) = preSolution
		HideSolutionNode = FALSE
	EndGlobalSection
	GlobalSection(ExtensibilityGlobals) = postSolution
		SolutionGuid = {01C5BC49-A44D-4D64-9982-92021DB33A99}
	EndGlobalSection
EndGlobal
